
Microsoft Visual Studio Solution File, Format Version 12.00
# Visual Studio 15
VisualStudioVersion = 15.0.27703.2026
MinimumVisualStudioVersion = 10.0.40219.1
Project("{FAE04EC0-301F-11D3-BF4B-00C04F79EFBC}") = "FirstGUI", "FirstGUI\FirstGUI.csproj", "{6BB21C80-427D-40BE-B05E-EB17E8994EFD}"
EndProject
Global
	GlobalSection(SolutionConfigurationPlatforms) = preSolution
		Debug|Any CPU = Debug|Any CPU
		Release|Any CPU = Release|Any CPU
	EndGlobalSection
	GlobalSection(ProjectConfigurationPlatforms) = postSolution
		{6BB21C80-427D-40BE-B05E-EB17E8994EFD}.Debug|Any CPU.ActiveCfg = Debug|Any CPU
		{6BB21C80-427D-40BE-B05E-EB17E8994EFD}.Debug|Any CPU.Build.0 = Debug|Any CPU
		{6BB21C80-427D-40BE-B05E-EB17E8994EFD}.Release|Any CPU.ActiveCfg = Release|Any CPU
		{6BB21C80-427D-40BE-B05E-EB17E8994EFD}.Release|Any CPU.Build.0 = Release|Any CPU
	EndGlobalSection
	GlobalSection(SolutionProperties) = preSolution
		HideSolutionNode = FALSE
	EndGlobalSection
	GlobalSection(ExtensibilityGlobals) = postSolution
		SolutionGuid = {40B4E502-55C5-438B-B809-C6BCB06A7A22}
	EndGlobalSection
EndGlobal
